
Microsoft Visual Studio Solution File, Format Version 12.00
# Visual Studio Version 17
VisualStudioVersion = 17.5.33516.290
MinimumVisualStudioVersion = 10.0.40219.1
Project("{9A19103F-16F7-4668-BE54-9A1E7A4F7556}") = "Interface", "Interface\Interface.csproj", "{68E62F64-1D97-45CB-B73A-E1D34CBEDDFD}"
EndProject
Global
	GlobalSection(SolutionConfigurationPlatforms) = preSolution
		Debug|Any CPU = Debug|Any CPU
		Debug|x86 = Debug|x86
		Release|Any CPU = Release|Any CPU
		Release|x86 = Release|x86
	EndGlobalSection
	GlobalSection(ProjectConfigurationPlatforms) = postSolution
		{68E62F64-1D97-45CB-B73A-E1D34CBEDDFD}.Debug|Any CPU.ActiveCfg = Debug|Any CPU
		{68E62F64-1D97-45CB-B73A-E1D34CBEDDFD}.Debug|Any CPU.Build.0 = Debug|Any CPU
		{68E62F64-1D97-45CB-B73A-E1D34CBEDDFD}.Debug|x86.ActiveCfg = Debug|x86
		{68E62F64-1D97-45CB-B73A-E1D34CBEDDFD}.Debug|x86.Build.0 = Debug|x86
		{68E62F64-1D97-45CB-B73A-E1D34CBEDDFD}.Release|Any CPU.ActiveCfg = Release|Any CPU
		{68E62F64-1D97-45CB-B73A-E1D34CBEDDFD}.Release|Any CPU.Build.0 = Release|Any CPU
		{68E62F64-1D97-45CB-B73A-E1D34CBEDDFD}.Release|x86.ActiveCfg = Release|x86
		{68E62F64-1D97-45CB-B73A-E1D34CBEDDFD}.Release|x86.Build.0 = Release|x86
	EndGlobalSection
	GlobalSection(SolutionProperties) = preSolution
		HideSolutionNode = FALSE
	EndGlobalSection
	GlobalSection(ExtensibilityGlobals) = postSolution
		SolutionGuid = {3690AA4D-833B-4E78-9174-8669357D4552}
	EndGlobalSection
EndGlobal
